// !$*UTF8*$!
{
	archiveVersion = 1;
	classes = {
	};
	objectVersion = 56;
	objects = {

/* Begin PBXBuildFile section */
		5B6F1D782B29B3C7009831CA /* YoutubeView.swift in Sources */ = {isa = PBXBuildFile; fileRef = 5B6F1D772B29B3C7009831CA /* YoutubeView.swift */; };
		5B6F1D7A2B29B3F2009831CA /* Youtubeapi.swift in Sources */ = {isa = PBXBuildFile; fileRef = 5B6F1D792B29B3F2009831CA /* Youtubeapi.swift */; };
		5B6F1D7C2B29B455009831CA /* SafariView.swift in Sources */ = {isa = PBXBuildFile; fileRef = 5B6F1D7B2B29B455009831CA /* SafariView.swift */; };
		5B6F1D7E2B29B53A009831CA /* SpotifyView.swift in Sources */ = {isa = PBXBuildFile; fileRef = 5B6F1D7D2B29B53A009831CA /* SpotifyView.swift */; };
		5B7EF71F2B2B005A00FF5234 /* Spotifyapi.swift in Sources */ = {isa = PBXBuildFile; fileRef = 5B7EF71E2B2B005A00FF5234 /* Spotifyapi.swift */; };
		5B7EF7212B2B006800FF5234 /* SpotifyData.swift in Sources */ = {isa = PBXBuildFile; fileRef = 5B7EF7202B2B006800FF5234 /* SpotifyData.swift */; };
		5B900ED32B25999B00D6A0C1 /* yuna_endprojectApp.swift in Sources */ = {isa = PBXBuildFile; fileRef = 5B900ED22B25999B00D6A0C1 /* yuna_endprojectApp.swift */; };
		5B900ED72B25999C00D6A0C1 /* Assets.xcassets in Resources */ = {isa = PBXBuildFile; fileRef = 5B900ED62B25999C00D6A0C1 /* Assets.xcassets */; };
		5B900EDA2B25999C00D6A0C1 /* Preview Assets.xcassets in Resources */ = {isa = PBXBuildFile; fileRef = 5B900ED92B25999C00D6A0C1 /* Preview Assets.xcassets */; };
		5B900EE42B25999C00D6A0C1 /* yuna_endprojectTests.swift in Sources */ = {isa = PBXBuildFile; fileRef = 5B900EE32B25999C00D6A0C1 /* yuna_endprojectTests.swift */; };
		5B900EEE2B25999C00D6A0C1 /* yuna_endprojectUITests.swift in Sources */ = {isa = PBXBuildFile; fileRef = 5B900EED2B25999C00D6A0C1 /* yuna_endprojectUITests.swift */; };
		5B900EF02B25999C00D6A0C1 /* yuna_endprojectUITestsLaunchTests.swift in Sources */ = {isa = PBXBuildFile; fileRef = 5B900EEF2B25999C00D6A0C1 /* yuna_endprojectUITestsLaunchTests.swift */; };
		5B900EFD2B259AE400D6A0C1 /* character.swift in Sources */ = {isa = PBXBuildFile; fileRef = 5B900EFC2B259AE400D6A0C1 /* character.swift */; };
		5B900F012B25A10000D6A0C1 /* Copver.swift in Sources */ = {isa = PBXBuildFile; fileRef = 5B900F002B25A10000D6A0C1 /* Copver.swift */; };
		5B900F032B25A12500D6A0C1 /* WebView.swift in Sources */ = {isa = PBXBuildFile; fileRef = 5B900F022B25A12500D6A0C1 /* WebView.swift */; };
		5B900F072B25A1A700D6A0C1 /* web1.swift in Sources */ = {isa = PBXBuildFile; fileRef = 5B900F062B25A1A700D6A0C1 /* web1.swift */; };
		5B900F092B25A1AF00D6A0C1 /* web2.swift in Sources */ = {isa = PBXBuildFile; fileRef = 5B900F082B25A1AF00D6A0C1 /* web2.swift */; };
		5B900F0B2B25A1B700D6A0C1 /* web3.swift in Sources */ = {isa = PBXBuildFile; fileRef = 5B900F0A2B25A1B700D6A0C1 /* web3.swift */; };
		5B900F0D2B25A1BE00D6A0C1 /* web4.swift in Sources */ = {isa = PBXBuildFile; fileRef = 5B900F0C2B25A1BE00D6A0C1 /* web4.swift */; };
		5B900F0F2B25A29500D6A0C1 /* WebsiteView.swift in Sources */ = {isa = PBXBuildFile; fileRef = 5B900F0E2B25A29500D6A0C1 /* WebsiteView.swift */; };
		5B900F132B25A7E200D6A0C1 /* ImagePickerController.swift in Sources */ = {isa = PBXBuildFile; fileRef = 5B900F122B25A7E200D6A0C1 /* ImagePickerController.swift */; };
		5B900F1B2B25A9CB00D6A0C1 /* DATA.swift in Sources */ = {isa = PBXBuildFile; fileRef = 5B900F1A2B25A9CB00D6A0C1 /* DATA.swift */; };
		5B900F1D2B25A9DF00D6A0C1 /* File.swift in Sources */ = {isa = PBXBuildFile; fileRef = 5B900F1C2B25A9DF00D6A0C1 /* File.swift */; };
		5B900F1F2B25A9F700D6A0C1 /* URLImage.swift in Sources */ = {isa = PBXBuildFile; fileRef = 5B900F1E2B25A9F700D6A0C1 /* URLImage.swift */; };
		5B900F212B25AA1900D6A0C1 /* Youtube.swift in Sources */ = {isa = PBXBuildFile; fileRef = 5B900F202B25AA1900D6A0C1 /* Youtube.swift */; };
/* End PBXBuildFile section */

/* Begin PBXContainerItemProxy section */
		5B900EE02B25999C00D6A0C1 /* PBXContainerItemProxy */ = {
			isa = PBXContainerItemProxy;
			containerPortal = 5B900EC72B25999B00D6A0C1 /* Project object */;
			proxyType = 1;
			remoteGlobalIDString = 5B900ECE2B25999B00D6A0C1;
			remoteInfo = yuna_endproject;
		};
		5B900EEA2B25999C00D6A0C1 /* PBXContainerItemProxy */ = {
			isa = PBXContainerItemProxy;
			containerPortal = 5B900EC72B25999B00D6A0C1 /* Project object */;
			proxyType = 1;
			remoteGlobalIDString = 5B900ECE2B25999B00D6A0C1;
			remoteInfo = yuna_endproject;
		};
/* End PBXContainerItemProxy section */

/* Begin PBXFileReference section */
		5B6F1D772B29B3C7009831CA /* YoutubeView.swift */ = {isa = PBXFileReference; lastKnownFileType = sourcecode.swift; name = YoutubeView.swift; path = ../YoutubeView.swift; sourceTree = "<group>"; };
		5B6F1D792B29B3F2009831CA /* Youtubeapi.swift */ = {isa = PBXFileReference; lastKnownFileType = sourcecode.swift; path = Youtubeapi.swift; sourceTree = "<group>"; };
		5B6F1D7B2B29B455009831CA /* SafariView.swift */ = {isa = PBXFileReference; lastKnownFileType = sourcecode.swift; path = SafariView.swift; sourceTree = "<group>"; };
		5B6F1D7D2B29B53A009831CA /* SpotifyView.swift */ = {isa = PBXFileReference; lastKnownFileType = sourcecode.swift; path = SpotifyView.swift; sourceTree = "<group>"; };
		5B7EF71E2B2B005A00FF5234 /* Spotifyapi.swift */ = {isa = PBXFileReference; lastKnownFileType = sourcecode.swift; path = Spotifyapi.swift; sourceTree = "<group>"; };
		5B7EF7202B2B006800FF5234 /* SpotifyData.swift */ = {isa = PBXFileReference; lastKnownFileType = sourcecode.swift; path = SpotifyData.swift; sourceTree = "<group>"; };
		5B900ECF2B25999B00D6A0C1 /* yuna_endproject.app */ = {isa = PBXFileReference; explicitFileType = wrapper.application; includeInIndex = 0; path = yuna_endproject.app; sourceTree = BUILT_PRODUCTS_DIR; };
		5B900ED22B25999B00D6A0C1 /* yuna_endprojectApp.swift */ = {isa = PBXFileReference; lastKnownFileType = sourcecode.swift; path = yuna_endprojectApp.swift; sourceTree = "<group>"; };
		5B900ED62B25999C00D6A0C1 /* Assets.xcassets */ = {isa = PBXFileReference; lastKnownFileType = folder.assetcatalog; path = Assets.xcassets; sourceTree = "<group>"; };
		5B900ED92B25999C00D6A0C1 /* Preview Assets.xcassets */ = {isa = PBXFileReference; lastKnownFileType = folder.assetcatalog; path = "Preview Assets.xcassets"; sourceTree = "<group>"; };
		5B900EDF2B25999C00D6A0C1 /* yuna_endprojectTests.xctest */ = {isa = PBXFileReference; explicitFileType = wrapper.cfbundle; includeInIndex = 0; path = yuna_endprojectTests.xctest; sourceTree = BUILT_PRODUCTS_DIR; };
		5B900EE32B25999C00D6A0C1 /* yuna_endprojectTests.swift */ = {isa = PBXFileReference; lastKnownFileType = sourcecode.swift; path = yuna_endprojectTests.swift; sourceTree = "<group>"; };
		5B900EE92B25999C00D6A0C1 /* yuna_endprojectUITests.xctest */ = {isa = PBXFileReference; explicitFileType = wrapper.cfbundle; includeInIndex = 0; path = yuna_endprojectUITests.xctest; sourceTree = BUILT_PRODUCTS_DIR; };
		5B900EED2B25999C00D6A0C1 /* yuna_endprojectUITests.swift */ = {isa = PBXFileReference; lastKnownFileType = sourcecode.swift; path = yuna_endprojectUITests.swift; sourceTree = "<group>"; };
		5B900EEF2B25999C00D6A0C1 /* yuna_endprojectUITestsLaunchTests.swift */ = {isa = PBXFileReference; lastKnownFileType = sourcecode.swift; path = yuna_endprojectUITestsLaunchTests.swift; sourceTree = "<group>"; };
		5B900EFC2B259AE400D6A0C1 /* character.swift */ = {isa = PBXFileReference; lastKnownFileType = sourcecode.swift; path = character.swift; sourceTree = "<group>"; };
		5B900F002B25A10000D6A0C1 /* Copver.swift */ = {isa = PBXFileReference; lastKnownFileType = sourcecode.swift; path = Copver.swift; sourceTree = "<group>"; };
		5B900F022B25A12500D6A0C1 /* WebView.swift */ = {isa = PBXFileReference; lastKnownFileType = sourcecode.swift; path = WebView.swift; sourceTree = "<group>"; };
		5B900F062B25A1A700D6A0C1 /* web1.swift */ = {isa = PBXFileReference; lastKnownFileType = sourcecode.swift; path = web1.swift; sourceTree = "<group>"; };
		5B900F082B25A1AF00D6A0C1 /* web2.swift */ = {isa = PBXFileReference; lastKnownFileType = sourcecode.swift; path = web2.swift; sourceTree = "<group>"; };
		5B900F0A2B25A1B700D6A0C1 /* web3.swift */ = {isa = PBXFileReference; lastKnownFileType = sourcecode.swift; path = web3.swift; sourceTree = "<group>"; };
		5B900F0C2B25A1BE00D6A0C1 /* web4.swift */ = {isa = PBXFileReference; lastKnownFileType = sourcecode.swift; path = web4.swift; sourceTree = "<group>"; };
		5B900F0E2B25A29500D6A0C1 /* WebsiteView.swift */ = {isa = PBXFileReference; lastKnownFileType = sourcecode.swift; path = WebsiteView.swift; sourceTree = "<group>"; };
		5B900F122B25A7E200D6A0C1 /* ImagePickerController.swift */ = {isa = PBXFileReference; lastKnownFileType = sourcecode.swift; path = ImagePickerController.swift; sourceTree = "<group>"; };
		5B900F1A2B25A9CB00D6A0C1 /* DATA.swift */ = {isa = PBXFileReference; lastKnownFileType = sourcecode.swift; path = DATA.swift; sourceTree = "<group>"; };
		5B900F1C2B25A9DF00D6A0C1 /* File.swift */ = {isa = PBXFileReference; lastKnownFileType = sourcecode.swift; path = File.swift; sourceTree = "<group>"; };
		5B900F1E2B25A9F700D6A0C1 /* URLImage.swift */ = {isa = PBXFileReference; lastKnownFileType = sourcecode.swift; path = URLImage.swift; sourceTree = "<group>"; };
		5B900F202B25AA1900D6A0C1 /* Youtube.swift */ = {isa = PBXFileReference; lastKnownFileType = sourcecode.swift; path = Youtube.swift; sourceTree = "<group>"; };
/* End PBXFileReference section */

/* Begin PBXFrameworksBuildPhase section */
		5B900ECC2B25999B00D6A0C1 /* Frameworks */ = {
			isa = PBXFrameworksBuildPhase;
			buildActionMask = 2147483647;
			files = (
			);
			runOnlyForDeploymentPostprocessing = 0;
		};
		5B900EDC2B25999C00D6A0C1 /* Frameworks */ = {
			isa = PBXFrameworksBuildPhase;
			buildActionMask = 2147483647;
			files = (
			);
			runOnlyForDeploymentPostprocessing = 0;
		};
		5B900EE62B25999C00D6A0C1 /* Frameworks */ = {
			isa = PBXFrameworksBuildPhase;
			buildActionMask = 2147483647;
			files = (
			);
			runOnlyForDeploymentPostprocessing = 0;
		};
/* End PBXFrameworksBuildPhase section */

/* Begin PBXGroup section */
		5B900EC62B25999B00D6A0C1 = {
			isa = PBXGroup;
			children = (
				5B900F1E2B25A9F700D6A0C1 /* URLImage.swift */,
				5B900F1C2B25A9DF00D6A0C1 /* File.swift */,
				5B900F1A2B25A9CB00D6A0C1 /* DATA.swift */,
				5B900ED12B25999B00D6A0C1 /* yuna_endproject */,
				5B900EE22B25999C00D6A0C1 /* yuna_endprojectTests */,
				5B900EEC2B25999C00D6A0C1 /* yuna_endprojectUITests */,
				5B900ED02B25999B00D6A0C1 /* Products */,
			);
			sourceTree = "<group>";
		};
		5B900ED02B25999B00D6A0C1 /* Products */ = {
			isa = PBXGroup;
			children = (
				5B900ECF2B25999B00D6A0C1 /* yuna_endproject.app */,
				5B900EDF2B25999C00D6A0C1 /* yuna_endprojectTests.xctest */,
				5B900EE92B25999C00D6A0C1 /* yuna_endprojectUITests.xctest */,
			);
			name = Products;
			sourceTree = "<group>";
		};
		5B900ED12B25999B00D6A0C1 /* yuna_endproject */ = {
			isa = PBXGroup;
			children = (
				5B900F202B25AA1900D6A0C1 /* Youtube.swift */,
				5B6F1D772B29B3C7009831CA /* YoutubeView.swift */,
				5B6F1D792B29B3F2009831CA /* Youtubeapi.swift */,
				5B6F1D7B2B29B455009831CA /* SafariView.swift */,
				5B6F1D7D2B29B53A009831CA /* SpotifyView.swift */,
				5B7EF7202B2B006800FF5234 /* SpotifyData.swift */,
				5B7EF71E2B2B005A00FF5234 /* Spotifyapi.swift */,
				5B900F002B25A10000D6A0C1 /* Copver.swift */,
				5B900F022B25A12500D6A0C1 /* WebView.swift */,
				5B900F062B25A1A700D6A0C1 /* web1.swift */,
				5B900F082B25A1AF00D6A0C1 /* web2.swift */,
				5B900F0A2B25A1B700D6A0C1 /* web3.swift */,
				5B900F0C2B25A1BE00D6A0C1 /* web4.swift */,
				5B900F0E2B25A29500D6A0C1 /* WebsiteView.swift */,
				5B900F122B25A7E200D6A0C1 /* ImagePickerController.swift */,
				5B900EFC2B259AE400D6A0C1 /* character.swift */,
				5B900ED22B25999B00D6A0C1 /* yuna_endprojectApp.swift */,
				5B900ED62B25999C00D6A0C1 /* Assets.xcassets */,
				5B900ED82B25999C00D6A0C1 /* Preview Content */,
			);
			path = yuna_endproject;
			sourceTree = "<group>";
		};
		5B900ED82B25999C00D6A0C1 /* Preview Content */ = {
			isa = PBXGroup;
			children = (
				5B900ED92B25999C00D6A0C1 /* Preview Assets.xcassets */,
			);
			path = "Preview Content";
			sourceTree = "<group>";
		};
		5B900EE22B25999C00D6A0C1 /* yuna_endprojectTests */ = {
			isa = PBXGroup;
			children = (
				5B900EE32B25999C00D6A0C1 /* yuna_endprojectTests.swift */,
			);
			path = yuna_endprojectTests;
			sourceTree = "<group>";
		};
		5B900EEC2B25999C00D6A0C1 /* yuna_endprojectUITests */ = {
			isa = PBXGroup;
			children = (
				5B900EED2B25999C00D6A0C1 /* yuna_endprojectUITests.swift */,
				5B900EEF2B25999C00D6A0C1 /* yuna_endprojectUITestsLaunchTests.swift */,
			);
			path = yuna_endprojectUITests;
			sourceTree = "<group>";
		};
/* End PBXGroup section */

/* Begin PBXNativeTarget section */
		5B900ECE2B25999B00D6A0C1 /* yuna_endproject */ = {
			isa = PBXNativeTarget;
			buildConfigurationList = 5B900EF32B25999C00D6A0C1 /* Build configuration list for PBXNativeTarget "yuna_endproject" */;
			buildPhases = (
				5B900ECB2B25999B00D6A0C1 /* Sources */,
				5B900ECC2B25999B00D6A0C1 /* Frameworks */,
				5B900ECD2B25999B00D6A0C1 /* Resources */,
			);
			buildRules = (
			);
			dependencies = (
			);
			name = yuna_endproject;
			productName = yuna_endproject;
			productReference = 5B900ECF2B25999B00D6A0C1 /* yuna_endproject.app */;
			productType = "com.apple.product-type.application";
		};
		5B900EDE2B25999C00D6A0C1 /* yuna_endprojectTests */ = {
			isa = PBXNativeTarget;
			buildConfigurationList = 5B900EF62B25999C00D6A0C1 /* Build configuration list for PBXNativeTarget "yuna_endprojectTests" */;
			buildPhases = (
				5B900EDB2B25999C00D6A0C1 /* Sources */,
				5B900EDC2B25999C00D6A0C1 /* Frameworks */,
				5B900EDD2B25999C00D6A0C1 /* Resources */,
			);
			buildRules = (
			);
			dependencies = (
				5B900EE12B25999C00D6A0C1 /* PBXTargetDependency */,
			);
			name = yuna_endprojectTests;
			productName = yuna_endprojectTests;
			productReference = 5B900EDF2B25999C00D6A0C1 /* yuna_endprojectTests.xctest */;
			productType = "com.apple.product-type.bundle.unit-test";
		};
		5B900EE82B25999C00D6A0C1 /* yuna_endprojectUITests */ = {
			isa = PBXNativeTarget;
			buildConfigurationList = 5B900EF92B25999C00D6A0C1 /* Build configuration list for PBXNativeTarget "yuna_endprojectUITests" */;
			buildPhases = (
				5B900EE52B25999C00D6A0C1 /* Sources */,
				5B900EE62B25999C00D6A0C1 /* Frameworks */,
				5B900EE72B25999C00D6A0C1 /* Resources */,
			);
			buildRules = (
			);
			dependencies = (
				5B900EEB2B25999C00D6A0C1 /* PBXTargetDependency */,
			);
			name = yuna_endprojectUITests;
			productName = yuna_endprojectUITests;
			productReference = 5B900EE92B25999C00D6A0C1 /* yuna_endprojectUITests.xctest */;
			productType = "com.apple.product-type.bundle.ui-testing";
		};
/* End PBXNativeTarget section */

/* Begin PBXProject section */
		5B900EC72B25999B00D6A0C1 /* Project object */ = {
			isa = PBXProject;
			attributes = {
				BuildIndependentTargetsInParallel = 1;
				LastSwiftUpdateCheck = 1500;
				LastUpgradeCheck = 1500;
				TargetAttributes = {
					5B900ECE2B25999B00D6A0C1 = {
						CreatedOnToolsVersion = 15.0;
					};
					5B900EDE2B25999C00D6A0C1 = {
						CreatedOnToolsVersion = 15.0;
						TestTargetID = 5B900ECE2B25999B00D6A0C1;
					};
					5B900EE82B25999C00D6A0C1 = {
						CreatedOnToolsVersion = 15.0;
						TestTargetID = 5B900ECE2B25999B00D6A0C1;
					};
				};
			};
			buildConfigurationList = 5B900ECA2B25999B00D6A0C1 /* Build configuration list for PBXProject "yuna_endproject" */;
			compatibilityVersion = "Xcode 14.0";
			developmentRegion = en;
			hasScannedForEncodings = 0;
			knownRegions = (
				en,
				Base,
			);
			mainGroup = 5B900EC62B25999B00D6A0C1;
			productRefGroup = 5B900ED02B25999B00D6A0C1 /* Products */;
			projectDirPath = "";
			projectRoot = "";
			targets = (
				5B900ECE2B25999B00D6A0C1 /* yuna_endproject */,
				5B900EDE2B25999C00D6A0C1 /* yuna_endprojectTests */,
				5B900EE82B25999C00D6A0C1 /* yuna_endprojectUITests */,
			);
		};
/* End PBXProject section */

/* Begin PBXResourcesBuildPhase section */
		5B900ECD2B25999B00D6A0C1 /* Resources */ = {
			isa = PBXResourcesBuildPhase;
			buildActionMask = 2147483647;
			files = (
				5B900EDA2B25999C00D6A0C1 /* Preview Assets.xcassets in Resources */,
				5B900ED72B25999C00D6A0C1 /* Assets.xcassets in Resources */,
			);
			runOnlyForDeploymentPostprocessing = 0;
		};
		5B900EDD2B25999C00D6A0C1 /* Resources */ = {
			isa = PBXResourcesBuildPhase;
			buildActionMask = 2147483647;
			files = (
			);
			runOnlyForDeploymentPostprocessing = 0;
		};
		5B900EE72B25999C00D6A0C1 /* Resources */ = {
			isa = PBXResourcesBuildPhase;
			buildActionMask = 2147483647;
			files = (
			);
			runOnlyForDeploymentPostprocessing = 0;
		};
/* End PBXResourcesBuildPhase section */

/* Begin PBXSourcesBuildPhase section */
		5B900ECB2B25999B00D6A0C1 /* Sources */ = {
			isa = PBXSourcesBuildPhase;
			buildActionMask = 2147483647;
			files = (
				5B900EFD2B259AE400D6A0C1 /* character.swift in Sources */,
				5B900F012B25A10000D6A0C1 /* Copver.swift in Sources */,
				5B900F0D2B25A1BE00D6A0C1 /* web4.swift in Sources */,
				5B6F1D7C2B29B455009831CA /* SafariView.swift in Sources */,
				5B900F1D2B25A9DF00D6A0C1 /* File.swift in Sources */,
				5B900F032B25A12500D6A0C1 /* WebView.swift in Sources */,
				5B900F132B25A7E200D6A0C1 /* ImagePickerController.swift in Sources */,
				5B900F072B25A1A700D6A0C1 /* web1.swift in Sources */,
				5B900ED32B25999B00D6A0C1 /* yuna_endprojectApp.swift in Sources */,
				5B900F092B25A1AF00D6A0C1 /* web2.swift in Sources */,
				5B7EF7212B2B006800FF5234 /* SpotifyData.swift in Sources */,
				5B900F1B2B25A9CB00D6A0C1 /* DATA.swift in Sources */,
				5B6F1D7E2B29B53A009831CA /* SpotifyView.swift in Sources */,
				5B900F0B2B25A1B700D6A0C1 /* web3.swift in Sources */,
				5B900F0F2B25A29500D6A0C1 /* WebsiteView.swift in Sources */,
				5B900F212B25AA1900D6A0C1 /* Youtube.swift in Sources */,
				5B6F1D782B29B3C7009831CA /* YoutubeView.swift in Sources */,
				5B7EF71F2B2B005A00FF5234 /* Spotifyapi.swift in Sources */,
				5B6F1D7A2B29B3F2009831CA /* Youtubeapi.swift in Sources */,
				5B900F1F2B25A9F700D6A0C1 /* URLImage.swift in Sources */,
			);
			runOnlyForDeploymentPostprocessing = 0;
		};
		5B900EDB2B25999C00D6A0C1 /* Sources */ = {
			isa = PBXSourcesBuildPhase;
			buildActionMask = 2147483647;
			files = (
				5B900EE42B25999C00D6A0C1 /* yuna_endprojectTests.swift in Sources */,
			);
			runOnlyForDeploymentPostprocessing = 0;
		};
		5B900EE52B25999C00D6A0C1 /* Sources */ = {
			isa = PBXSourcesBuildPhase;
			buildActionMask = 2147483647;
			files = (
				5B900EEE2B25999C00D6A0C1 /* yuna_endprojectUITests.swift in Sources */,
				5B900EF02B25999C00D6A0C1 /* yuna_endprojectUITestsLaunchTests.swift in Sources */,
			);
			runOnlyForDeploymentPostprocessing = 0;
		};
/* End PBXSourcesBuildPhase section */

/* Begin PBXTargetDependency section */
		5B900EE12B25999C00D6A0C1 /* PBXTargetDependency */ = {
			isa = PBXTargetDependency;
			target = 5B900ECE2B25999B00D6A0C1 /* yuna_endproject */;
			targetProxy = 5B900EE02B25999C00D6A0C1 /* PBXContainerItemProxy */;
		};
		5B900EEB2B25999C00D6A0C1 /* PBXTargetDependency */ = {
			isa = PBXTargetDependency;
			target = 5B900ECE2B25999B00D6A0C1 /* yuna_endproject */;
			targetProxy = 5B900EEA2B25999C00D6A0C1 /* PBXContainerItemProxy */;
		};
/* End PBXTargetDependency section */

/* Begin XCBuildConfiguration section */
		5B900EF12B25999C00D6A0C1 /* Debug */ = {
			isa = XCBuildConfiguration;
			buildSettings = {
				ALWAYS_SEARCH_USER_PATHS = NO;
				ASSETCATALOG_COMPILER_GENERATE_SWIFT_ASSET_SYMBOL_EXTENSIONS = YES;
				CLANG_ANALYZER_NONNULL = YES;
				CLANG_ANALYZER_NUMBER_OBJECT_CONVERSION = YES_AGGRESSIVE;
				CLANG_CXX_LANGUAGE_STANDARD = "gnu++20";
				CLANG_ENABLE_MODULES = YES;
				CLANG_ENABLE_OBJC_ARC = YES;
				CLANG_ENABLE_OBJC_WEAK = YES;
				CLANG_WARN_BLOCK_CAPTURE_AUTORELEASING = YES;
				CLANG_WARN_BOOL_CONVERSION = YES;
				CLANG_WARN_COMMA = YES;
				CLANG_WARN_CONSTANT_CONVERSION = YES;
				CLANG_WARN_DEPRECATED_OBJC_IMPLEMENTATIONS = YES;
				CLANG_WARN_DIRECT_OBJC_ISA_USAGE = YES_ERROR;
				CLANG_WARN_DOCUMENTATION_COMMENTS = YES;
				CLANG_WARN_EMPTY_BODY = YES;
				CLANG_WARN_ENUM_CONVERSION = YES;
				CLANG_WARN_INFINITE_RECURSION = YES;
				CLANG_WARN_INT_CONVERSION = YES;
				CLANG_WARN_NON_LITERAL_NULL_CONVERSION = YES;
				CLANG_WARN_OBJC_IMPLICIT_RETAIN_SELF = YES;
				CLANG_WARN_OBJC_LITERAL_CONVERSION = YES;
				CLANG_WARN_OBJC_ROOT_CLASS = YES_ERROR;
				CLANG_WARN_QUOTED_INCLUDE_IN_FRAMEWORK_HEADER = YES;
				CLANG_WARN_RANGE_LOOP_ANALYSIS = YES;
				CLANG_WARN_STRICT_PROTOTYPES = YES;
				CLANG_WARN_SUSPICIOUS_MOVE = YES;
				CLANG_WARN_UNGUARDED_AVAILABILITY = YES_AGGRESSIVE;
				CLANG_WARN_UNREACHABLE_CODE = YES;
				CLANG_WARN__DUPLICATE_METHOD_MATCH = YES;
				COPY_PHASE_STRIP = NO;
				DEBUG_INFORMATION_FORMAT = dwarf;
				ENABLE_STRICT_OBJC_MSGSEND = YES;
				ENABLE_TESTABILITY = YES;
				ENABLE_USER_SCRIPT_SANDBOXING = YES;
				GCC_C_LANGUAGE_STANDARD = gnu17;
				GCC_DYNAMIC_NO_PIC = NO;
				GCC_NO_COMMON_BLOCKS = YES;
				GCC_OPTIMIZATION_LEVEL = 0;
				GCC_PREPROCESSOR_DEFINITIONS = (
					"DEBUG=1",
					"$(inherited)",
				);
				GCC_WARN_64_TO_32_BIT_CONVERSION = YES;
				GCC_WARN_ABOUT_RETURN_TYPE = YES_ERROR;
				GCC_WARN_UNDECLARED_SELECTOR = YES;
				GCC_WARN_UNINITIALIZED_AUTOS = YES_AGGRESSIVE;
				GCC_WARN_UNUSED_FUNCTION = YES;
				GCC_WARN_UNUSED_VARIABLE = YES;
				IPHONEOS_DEPLOYMENT_TARGET = 17.0;
				LOCALIZATION_PREFERS_STRING_CATALOGS = YES;
				MTL_ENABLE_DEBUG_INFO = INCLUDE_SOURCE;
				MTL_FAST_MATH = YES;
				ONLY_ACTIVE_ARCH = YES;
				SDKROOT = iphoneos;
				SWIFT_ACTIVE_COMPILATION_CONDITIONS = "DEBUG $(inherited)";
				SWIFT_OPTIMIZATION_LEVEL = "-Onone";
			};
			name = Debug;
		};
		5B900EF22B25999C00D6A0C1 /* Release */ = {
			isa = XCBuildConfiguration;
			buildSettings = {
				ALWAYS_SEARCH_USER_PATHS = NO;
				ASSETCATALOG_COMPILER_GENERATE_SWIFT_ASSET_SYMBOL_EXTENSIONS = YES;
				CLANG_ANALYZER_NONNULL = YES;
				CLANG_ANALYZER_NUMBER_OBJECT_CONVERSION = YES_AGGRESSIVE;
				CLANG_CXX_LANGUAGE_STANDARD = "gnu++20";
				CLANG_ENABLE_MODULES = YES;
				CLANG_ENABLE_OBJC_ARC = YES;
				CLANG_ENABLE_OBJC_WEAK = YES;
				CLANG_WARN_BLOCK_CAPTURE_AUTORELEASING = YES;
				CLANG_WARN_BOOL_CONVERSION = YES;
				CLANG_WARN_COMMA = YES;
				CLANG_WARN_CONSTANT_CONVERSION = YES;
				CLANG_WARN_DEPRECATED_OBJC_IMPLEMENTATIONS = YES;
				CLANG_WARN_DIRECT_OBJC_ISA_USAGE = YES_ERROR;
				CLANG_WARN_DOCUMENTATION_COMMENTS = YES;
				CLANG_WARN_EMPTY_BODY = YES;
				CLANG_WARN_ENUM_CONVERSION = YES;
				CLANG_WARN_INFINITE_RECURSION = YES;
				CLANG_WARN_INT_CONVERSION = YES;
				CLANG_WARN_NON_LITERAL_NULL_CONVERSION = YES;
				CLANG_WARN_OBJC_IMPLICIT_RETAIN_SELF = YES;
				CLANG_WARN_OBJC_LITERAL_CONVERSION = YES;
				CLANG_WARN_OBJC_ROOT_CLASS = YES_ERROR;
				CLANG_WARN_QUOTED_INCLUDE_IN_FRAMEWORK_HEADER = YES;
				CLANG_WARN_RANGE_LOOP_ANALYSIS = YES;
				CLANG_WARN_STRICT_PROTOTYPES = YES;
				CLANG_WARN_SUSPICIOUS_MOVE = YES;
				CLANG_WARN_UNGUARDED_AVAILABILITY = YES_AGGRESSIVE;
				CLANG_WARN_UNREACHABLE_CODE = YES;
				CLANG_WARN__DUPLICATE_METHOD_MATCH = YES;
				COPY_PHASE_STRIP = NO;
				DEBUG_INFORMATION_FORMAT = "dwarf-with-dsym";
				ENABLE_NS_ASSERTIONS = NO;
				ENABLE_STRICT_OBJC_MSGSEND = YES;
				ENABLE_USER_SCRIPT_SANDBOXING = YES;
				GCC_C_LANGUAGE_STANDARD = gnu17;
				GCC_NO_COMMON_BLOCKS = YES;
				GCC_WARN_64_TO_32_BIT_CONVERSION = YES;
				GCC_WARN_ABOUT_RETURN_TYPE = YES_ERROR;
				GCC_WARN_UNDECLARED_SELECTOR = YES;
				GCC_WARN_UNINITIALIZED_AUTOS = YES_AGGRESSIVE;
				GCC_WARN_UNUSED_FUNCTION = YES;
				GCC_WARN_UNUSED_VARIABLE = YES;
				IPHONEOS_DEPLOYMENT_TARGET = 17.0;
				LOCALIZATION_PREFERS_STRING_CATALOGS = YES;
				MTL_ENABLE_DEBUG_INFO = NO;
				MTL_FAST_MATH = YES;
				SDKROOT = iphoneos;
				SWIFT_COMPILATION_MODE = wholemodule;
				VALIDATE_PRODUCT = YES;
			};
			name = Release;
		};
		5B900EF42B25999C00D6A0C1 /* Debug */ = {
			isa = XCBuildConfiguration;
			buildSettings = {
				ASSETCATALOG_COMPILER_APPICON_NAME = AppIcon;
				ASSETCATALOG_COMPILER_GLOBAL_ACCENT_COLOR_NAME = AccentColor;
				CODE_SIGN_STYLE = Automatic;
				CURRENT_PROJECT_VERSION = 1;
				DEVELOPMENT_ASSET_PATHS = "\"yuna_endproject/Preview Content\"";
				ENABLE_PREVIEWS = YES;
				GENERATE_INFOPLIST_FILE = YES;
				INFOPLIST_KEY_UIApplicationSceneManifest_Generation = YES;
				INFOPLIST_KEY_UIApplicationSupportsIndirectInputEvents = YES;
				INFOPLIST_KEY_UILaunchScreen_Generation = YES;
				INFOPLIST_KEY_UISupportedInterfaceOrientations_iPad = "UIInterfaceOrientationPortrait UIInterfaceOrientationPortraitUpsideDown UIInterfaceOrientationLandscapeLeft UIInterfaceOrientationLandscapeRight";
				INFOPLIST_KEY_UISupportedInterfaceOrientations_iPhone = "UIInterfaceOrientationPortrait UIInterfaceOrientationLandscapeLeft UIInterfaceOrientationLandscapeRight";
				LD_RUNPATH_SEARCH_PATHS = (
					"$(inherited)",
					"@executable_path/Frameworks",
				);
				MARKETING_VERSION = 1.0;
				PRODUCT_BUNDLE_IDENTIFIER = "com.wcy.yuna-endproject";
				PRODUCT_NAME = "$(TARGET_NAME)";
				SWIFT_EMIT_LOC_STRINGS = YES;
				SWIFT_VERSION = 5.0;
				TARGETED_DEVICE_FAMILY = "1,2";
			};
			name = Debug;
		};
		5B900EF52B25999C00D6A0C1 /* Release */ = {
			isa = XCBuildConfiguration;
			buildSettings = {
				ASSETCATALOG_COMPILER_APPICON_NAME = AppIcon;
				ASSETCATALOG_COMPILER_GLOBAL_ACCENT_COLOR_NAME = AccentColor;
				CODE_SIGN_STYLE = Automatic;
				CURRENT_PROJECT_VERSION = 1;
				DEVELOPMENT_ASSET_PATHS = "\"yuna_endproject/Preview Content\"";
				ENABLE_PREVIEWS = YES;
				GENERATE_INFOPLIST_FILE = YES;
				INFOPLIST_KEY_UIApplicationSceneManifest_Generation = YES;
				INFOPLIST_KEY_UIApplicationSupportsIndirectInputEvents = YES;
				INFOPLIST_KEY_UILaunchScreen_Generation = YES;
				INFOPLIST_KEY_UISupportedInterfaceOrientations_iPad = "UIInterfaceOrientationPortrait UIInterfaceOrientationPortraitUpsideDown UIInterfaceOrientationLandscapeLeft UIInterfaceOrientationLandscapeRight";
				INFOPLIST_KEY_UISupportedInterfaceOrientations_iPhone = "UIInterfaceOrientationPortrait UIInterfaceOrientationLandscapeLeft UIInterfaceOrientationLandscapeRight";
				LD_RUNPATH_SEARCH_PATHS = (
					"$(inherited)",
					"@executable_path/Frameworks",
				);
				MARKETING_VERSION = 1.0;
				PRODUCT_BUNDLE_IDENTIFIER = "com.wcy.yuna-endproject";
				PRODUCT_NAME = "$(TARGET_NAME)";
				SWIFT_EMIT_LOC_STRINGS = YES;
				SWIFT_VERSION = 5.0;
				TARGETED_DEVICE_FAMILY = "1,2";
			};
			name = Release;
		};
		5B900EF72B25999C00D6A0C1 /* Debug */ = {
			isa = XCBuildConfiguration;
			buildSettings = {
				ALWAYS_EMBED_SWIFT_STANDARD_LIBRARIES = YES;
				BUNDLE_LOADER = "$(TEST_HOST)";
				CODE_SIGN_STYLE = Automatic;
				CURRENT_PROJECT_VERSION = 1;
				GENERATE_INFOPLIST_FILE = YES;
				IPHONEOS_DEPLOYMENT_TARGET = 17.0;
				MARKETING_VERSION = 1.0;
				PRODUCT_BUNDLE_IDENTIFIER = "com.wcy.yuna-endprojectTests";
				PRODUCT_NAME = "$(TARGET_NAME)";
				SWIFT_EMIT_LOC_STRINGS = NO;
				SWIFT_VERSION = 5.0;
				TARGETED_DEVICE_FAMILY = "1,2";
				TEST_HOST = "$(BUILT_PRODUCTS_DIR)/yuna_endproject.app/$(BUNDLE_EXECUTABLE_FOLDER_PATH)/yuna_endproject";
			};
			name = Debug;
		};
		5B900EF82B25999C00D6A0C1 /* Release */ = {
			isa = XCBuildConfiguration;
			buildSettings = {
				ALWAYS_EMBED_SWIFT_STANDARD_LIBRARIES = YES;
				BUNDLE_LOADER = "$(TEST_HOST)";
				CODE_SIGN_STYLE = Automatic;
				CURRENT_PROJECT_VERSION = 1;
				GENERATE_INFOPLIST_FILE = YES;
				IPHONEOS_DEPLOYMENT_TARGET = 17.0;
				MARKETING_VERSION = 1.0;
				PRODUCT_BUNDLE_IDENTIFIER = "com.wcy.yuna-endprojectTests";
				PRODUCT_NAME = "$(TARGET_NAME)";
				SWIFT_EMIT_LOC_STRINGS = NO;
				SWIFT_VERSION = 5.0;
				TARGETED_DEVICE_FAMILY = "1,2";
				TEST_HOST = "$(BUILT_PRODUCTS_DIR)/yuna_endproject.app/$(BUNDLE_EXECUTABLE_FOLDER_PATH)/yuna_endproject";
			};
			name = Release;
		};
		5B900EFA2B25999C00D6A0C1 /* Debug */ = {
			isa = XCBuildConfiguration;
			buildSettings = {
				ALWAYS_EMBED_SWIFT_STANDARD_LIBRARIES = YES;
				CODE_SIGN_STYLE = Automatic;
				CURRENT_PROJECT_VERSION = 1;
				GENERATE_INFOPLIST_FILE = YES;
				MARKETING_VERSION = 1.0;
				PRODUCT_BUNDLE_IDENTIFIER = "com.wcy.yuna-endprojectUITests";
				PRODUCT_NAME = "$(TARGET_NAME)";
				SWIFT_EMIT_LOC_STRINGS = NO;
				SWIFT_VERSION = 5.0;
				TARGETED_DEVICE_FAMILY = "1,2";
				TEST_TARGET_NAME = yuna_endproject;
			};
			name = Debug;
		};
		5B900EFB2B25999C00D6A0C1 /* Release */ = {
			isa = XCBuildConfiguration;
			buildSettings = {
				ALWAYS_EMBED_SWIFT_STANDARD_LIBRARIES = YES;
				CODE_SIGN_STYLE = Automatic;
				CURRENT_PROJECT_VERSION = 1;
				GENERATE_INFOPLIST_FILE = YES;
				MARKETING_VERSION = 1.0;
				PRODUCT_BUNDLE_IDENTIFIER = "com.wcy.yuna-endprojectUITests";
				PRODUCT_NAME = "$(TARGET_NAME)";
				SWIFT_EMIT_LOC_STRINGS = NO;
				SWIFT_VERSION = 5.0;
				TARGETED_DEVICE_FAMILY = "1,2";
				TEST_TARGET_NAME = yuna_endproject;
			};
			name = Release;
		};
/* End XCBuildConfiguration section */

/* Begin XCConfigurationList section */
		5B900ECA2B25999B00D6A0C1 /* Build configuration list for PBXProject "yuna_endproject" */ = {
			isa = XCConfigurationList;
			buildConfigurations = (
				5B900EF12B25999C00D6A0C1 /* Debug */,
				5B900EF22B25999C00D6A0C1 /* Release */,
			);
			defaultConfigurationIsVisible = 0;
			defaultConfigurationName = Release;
		};
		5B900EF32B25999C00D6A0C1 /* Build configuration list for PBXNativeTarget "yuna_endproject" */ = {
			isa = XCConfigurationList;
			buildConfigurations = (
				5B900EF42B25999C00D6A0C1 /* Debug */,
				5B900EF52B25999C00D6A0C1 /* Release */,
			);
			defaultConfigurationIsVisible = 0;
			defaultConfigurationName = Release;
		};
		5B900EF62B25999C00D6A0C1 /* Build configuration list for PBXNativeTarget "yuna_endprojectTests" */ = {
			isa = XCConfigurationList;
			buildConfigurations = (
				5B900EF72B25999C00D6A0C1 /* Debug */,
				5B900EF82B25999C00D6A0C1 /* Release */,
			);
			defaultConfigurationIsVisible = 0;
			defaultConfigurationName = Release;
		};
		5B900EF92B25999C00D6A0C1 /* Build configuration list for PBXNativeTarget "yuna_endprojectUITests" */ = {
			isa = XCConfigurationList;
			buildConfigurations = (
				5B900EFA2B25999C00D6A0C1 /* Debug */,
				5B900EFB2B25999C00D6A0C1 /* Release */,
			);
			defaultConfigurationIsVisible = 0;
			defaultConfigurationName = Release;
		};
/* End XCConfigurationList section */
	};
	rootObject = 5B900EC72B25999B00D6A0C1 /* Project object */;
}
